<?xml version="1.0" encoding="utf-8"?>
<Project ToolsVersion="4.0" xmlns="http://schemas.microsoft.com/developer/msbuild/2003">
  <ItemGroup>
    <Filter Include="Source Files">
      <UniqueIdentifier>{4FC737F1-C7A5-4376-A066-2A32D752A2FF}</UniqueIdentifier>
      <Extensions>cpp;c;cc;cxx;def;odl;idl;hpj;bat;asm;asmx</Extensions>
    </Filter>
    <Filter Include="Header Files">
      <UniqueIdentifier>{93995380-89BD-4b04-88EB-625FBE52EBFB}</UniqueIdentifier>
      <Extensions>h;hh;hpp;hxx;hm;inl;inc;xsd</Extensions>
    </Filter>
    <Filter Include="Resource Files">
      <UniqueIdentifier>{D9D6E242-F8AF-46E4-B9FD-80ECBC20BA3E}</UniqueIdentifier>
      <Extensions>qrc;*</Extensions>
      <ParseFiles>false</ParseFiles>
    </Filter>
    <Filter Include="Form Files">
      <UniqueIdentifier>{99349809-55BA-4b9d-BF79-8FDBB0286EB3}</UniqueIdentifier>
      <Extensions>ui</Extensions>
    </Filter>
    <Filter Include="Resource Files">
      <UniqueIdentifier>{D9D6E242-F8AF-46E4-B9FD-80ECBC20BA3E}</UniqueIdentifier>
      <Extensions>qrc;*</Extensions>
      <ParseFiles>false</ParseFiles>
    </Filter>
    <Filter Include="Generated Files">
      <UniqueIdentifier>{71ED8ED8-ACB9-4CE9-BBE1-E00B30144E11}</UniqueIdentifier>
      <Extensions>moc;h;cpp</Extensions>
      <SourceControlFiles>False</SourceControlFiles>
    </Filter>
  </ItemGroup>
  <ItemGroup>
    <ClCompile Include="main.cpp">
      <Filter>Source Files</Filter>
    </ClCompile>
    <ClCompile Include="Login\Login.cpp">
      <Filter>Source Files</Filter>
    </ClCompile>
    <ClCompile Include="FileBrowser\FileBrowser.cpp">
      <Filter>Source Files</Filter>
    </ClCompile>
    <ClCompile Include="Editor\Editor.cpp">
      <Filter>Source Files</Filter>
    </ClCompile>
    <ClCompile Include="CRDT\CRDT.cpp">
      <Filter>Source Files</Filter>
    </ClCompile>
    <ClCompile Include="CRDT\Symbol.cpp">
      <Filter>Source Files</Filter>
    </ClCompile>
    <ClCompile Include="CRDT\Message.cpp">
      <Filter>Source Files</Filter>
    </ClCompile>
    <ClCompile Include="NewAccount\NewAccount.cpp">
      <Filter>Source Files</Filter>
    </ClCompile>
    <ClCompile Include="SocketHandler\SocketHandler.cpp">
      <Filter>Source Files</Filter>
    </ClCompile>
    <ClCompile Include="SocketHandler\SocketMessage.cpp">
      <Filter>Source Files</Filter>
    </ClCompile>
    <ClCompile Include="Serialization\Serialize.cpp">
      <Filter>Source Files</Filter>
    </ClCompile>
    <ClCompile Include="Modify Profile\ModifyProfile.cpp">
      <Filter>Source Files</Filter>
    </ClCompile>
    <ClCompile Include="Modify Profile\ModifyProfile.cpp">
      <Filter>Source Files</Filter>
    </ClCompile>
  </ItemGroup>
  <ItemGroup>
    <QtMoc Include="Login\Login.h">
      <Filter>Header Files</Filter>
    </QtMoc>
    <QtMoc Include="FileBrowser\FileBrowser.h">
      <Filter>Header Files</Filter>
    </QtMoc>
    <QtMoc Include="Editor\Editor.h">
      <Filter>Header Files</Filter>
    </QtMoc>
    <QtMoc Include="NewAccount\NewAccount.h">
      <Filter>Header Files</Filter>
    </QtMoc>
    <QtMoc Include="SocketHandler\SocketHandler.h">
      <Filter>Header Files</Filter>
    </QtMoc>
    <QtMoc Include="SocketHandler\SocketMessage.h">
      <Filter>Header Files</Filter>
    </QtMoc>
    <QtMoc Include="Serialization\Serialize.h">
      <Filter>Header Files</Filter>
    </QtMoc>
    <QtMoc Include="Modify Profile\ModifyProfile.h">
      <Filter>Header Files</Filter>
    </QtMoc>
    <QtMoc Include="Modify Profile\ModifyProfile.h">
      <Filter>Header Files</Filter>
    </QtMoc>
  </ItemGroup>
  <ItemGroup>
    <QtRcc Include="Login\Login.qrc">
      <Filter>Resource Files</Filter>
    </QtRcc>
  </ItemGroup>
  <ItemGroup>
    <QtUic Include="Login\Login.ui">
      <Filter>Form Files</Filter>
    </QtUic>
    <QtUic Include="FileBrowser\FileBrowser.ui">
      <Filter>Form Files</Filter>
    </QtUic>
    <QtUic Include="Editor\Editor.ui">
      <Filter>Form Files</Filter>
    </QtUic>
    <QtUic Include="NewAccount\NewAccount.ui">
      <Filter>Form Files</Filter>
    </QtUic>
    <QtUic Include="Modify Profile\ModifyProfile.ui">
      <Filter>Form Files</Filter>
    </QtUic>
  </ItemGroup>
  <ItemGroup>
    <None Include="cpp.hint" />
    <None Include="EditorGUI.pro" />
    <None Include="EditorGUI.pri" />
    <None Include="Makefile" />
    <None Include="Makefile.Debug" />
    <None Include="Makefile.Release" />
    <None Include=".qmake.stash" />
  </ItemGroup>
  <ItemGroup>
    <ClInclude Include="Structures\FormatStructure.h">
      <Filter>Header Files</Filter>
    </ClInclude>
    <ClInclude Include="CRDT\CRDT.h">
      <Filter>Header Files</Filter>
    </ClInclude>
    <ClInclude Include="CRDT\Symbol.h">
      <Filter>Header Files</Filter>
    </ClInclude>
    <ClInclude Include="CRDT\Message.h">
      <Filter>Header Files</Filter>
    </ClInclude>
    <ClInclude Include="Structures\MessageTypes.h">
      <Filter>Header Files</Filter>
    </ClInclude>
    <ClInclude Include="Serialization\define.h">
      <Filter>Header Files</Filter>
    </ClInclude>
  </ItemGroup>
</Project>